// !$*UTF8*$!
{
	archiveVersion = 1;
	classes = {
	};
	objectVersion = 51;
	objects = {

/* Begin PBXBuildFile section */
		0B2F880E22E2001D002912F7 /* AppDelegate.swift in Sources */ = {isa = PBXBuildFile; fileRef = 0B2F880D22E2001D002912F7 /* AppDelegate.swift */; };
		0B2F881022E2001D002912F7 /* BeginRunVC.swift in Sources */ = {isa = PBXBuildFile; fileRef = 0B2F880F22E2001D002912F7 /* BeginRunVC.swift */; };
		0B2F881222E2001D002912F7 /* LogVC.swift in Sources */ = {isa = PBXBuildFile; fileRef = 0B2F881122E2001D002912F7 /* LogVC.swift */; };
		0B2F881522E2001D002912F7 /* Main.storyboard in Resources */ = {isa = PBXBuildFile; fileRef = 0B2F881322E2001D002912F7 /* Main.storyboard */; };
		0B2F881722E20025002912F7 /* Assets.xcassets in Resources */ = {isa = PBXBuildFile; fileRef = 0B2F881622E20025002912F7 /* Assets.xcassets */; };
		0B2F881A22E20025002912F7 /* LaunchScreen.storyboard in Resources */ = {isa = PBXBuildFile; fileRef = 0B2F881822E20025002912F7 /* LaunchScreen.storyboard */; };
		2EB4D8CFB6234AEFA0AE8CB4 /* Pods_Runo.framework in Frameworks */ = {isa = PBXBuildFile; fileRef = 6986B0FFD5C772F65A4E7165 /* Pods_Runo.framework */; };
		461D6A9C23546E2E000F97A9 /* RunLogCell.swift in Sources */ = {isa = PBXBuildFile; fileRef = 461D6A9B23546E2E000F97A9 /* RunLogCell.swift */; };
		461D6A9E23548B98000F97A9 /* Location.swift in Sources */ = {isa = PBXBuildFile; fileRef = 461D6A9D23548B98000F97A9 /* Location.swift */; };
		461D6AA02354A278000F97A9 /* RealmConfig.swift in Sources */ = {isa = PBXBuildFile; fileRef = 461D6A9F2354A278000F97A9 /* RealmConfig.swift */; };
		4666BB882334B4970003FB31 /* OnRunVC.swift in Sources */ = {isa = PBXBuildFile; fileRef = 4666BB872334B4970003FB31 /* OnRunVC.swift */; };
		4666BB8A2334B6950003FB31 /* LocationVC.swift in Sources */ = {isa = PBXBuildFile; fileRef = 4666BB892334B6950003FB31 /* LocationVC.swift */; };
		4666BBAA233AB4030003FB31 /* Extensions.swift in Sources */ = {isa = PBXBuildFile; fileRef = 4666BBA9233AB4030003FB31 /* Extensions.swift */; };
		46E19EB72353C990003E4630 /* Run.swift in Sources */ = {isa = PBXBuildFile; fileRef = 46E19EB62353C990003E4630 /* Run.swift */; };
		46E19EB92353D2B7003E4630 /* Constants.swift in Sources */ = {isa = PBXBuildFile; fileRef = 46E19EB82353D2B7003E4630 /* Constants.swift */; };
/* End PBXBuildFile section */

/* Begin PBXFileReference section */
		0B2F880A22E2001D002912F7 /* Runo.app */ = {isa = PBXFileReference; explicitFileType = wrapper.application; includeInIndex = 0; path = Runo.app; sourceTree = BUILT_PRODUCTS_DIR; };
		0B2F880D22E2001D002912F7 /* AppDelegate.swift */ = {isa = PBXFileReference; lastKnownFileType = sourcecode.swift; path = AppDelegate.swift; sourceTree = "<group>"; };
		0B2F880F22E2001D002912F7 /* BeginRunVC.swift */ = {isa = PBXFileReference; lastKnownFileType = sourcecode.swift; path = BeginRunVC.swift; sourceTree = "<group>"; };
		0B2F881122E2001D002912F7 /* LogVC.swift */ = {isa = PBXFileReference; lastKnownFileType = sourcecode.swift; path = LogVC.swift; sourceTree = "<group>"; };
		0B2F881422E2001D002912F7 /* Base */ = {isa = PBXFileReference; lastKnownFileType = file.storyboard; name = Base; path = Base.lproj/Main.storyboard; sourceTree = "<group>"; };
		0B2F881622E20025002912F7 /* Assets.xcassets */ = {isa = PBXFileReference; lastKnownFileType = folder.assetcatalog; path = Assets.xcassets; sourceTree = "<group>"; };
		0B2F881922E20025002912F7 /* Base */ = {isa = PBXFileReference; lastKnownFileType = file.storyboard; name = Base; path = Base.lproj/LaunchScreen.storyboard; sourceTree = "<group>"; };
		0B2F881B22E20025002912F7 /* Info.plist */ = {isa = PBXFileReference; lastKnownFileType = text.plist.xml; path = Info.plist; sourceTree = "<group>"; };
		3F1E1E4DA6F8EC57EDA4BF91 /* Pods-Runo.release.xcconfig */ = {isa = PBXFileReference; includeInIndex = 1; lastKnownFileType = text.xcconfig; name = "Pods-Runo.release.xcconfig"; path = "Target Support Files/Pods-Runo/Pods-Runo.release.xcconfig"; sourceTree = "<group>"; };
		461D6A9B23546E2E000F97A9 /* RunLogCell.swift */ = {isa = PBXFileReference; lastKnownFileType = sourcecode.swift; path = RunLogCell.swift; sourceTree = "<group>"; };
		461D6A9D23548B98000F97A9 /* Location.swift */ = {isa = PBXFileReference; lastKnownFileType = sourcecode.swift; path = Location.swift; sourceTree = "<group>"; };
		461D6A9F2354A278000F97A9 /* RealmConfig.swift */ = {isa = PBXFileReference; lastKnownFileType = sourcecode.swift; path = RealmConfig.swift; sourceTree = "<group>"; };
		4666BB872334B4970003FB31 /* OnRunVC.swift */ = {isa = PBXFileReference; lastKnownFileType = sourcecode.swift; path = OnRunVC.swift; sourceTree = "<group>"; };
		4666BB892334B6950003FB31 /* LocationVC.swift */ = {isa = PBXFileReference; lastKnownFileType = sourcecode.swift; path = LocationVC.swift; sourceTree = "<group>"; };
		4666BBA9233AB4030003FB31 /* Extensions.swift */ = {isa = PBXFileReference; lastKnownFileType = sourcecode.swift; path = Extensions.swift; sourceTree = "<group>"; };
		46E19EB62353C990003E4630 /* Run.swift */ = {isa = PBXFileReference; lastKnownFileType = sourcecode.swift; path = Run.swift; sourceTree = "<group>"; };
		46E19EB82353D2B7003E4630 /* Constants.swift */ = {isa = PBXFileReference; lastKnownFileType = sourcecode.swift; path = Constants.swift; sourceTree = "<group>"; };
		6986B0FFD5C772F65A4E7165 /* Pods_Runo.framework */ = {isa = PBXFileReference; explicitFileType = wrapper.framework; includeInIndex = 0; path = Pods_Runo.framework; sourceTree = BUILT_PRODUCTS_DIR; };
		DCD92BD5D22AD91E5FDC2ACB /* Pods-Runo.debug.xcconfig */ = {isa = PBXFileReference; includeInIndex = 1; lastKnownFileType = text.xcconfig; name = "Pods-Runo.debug.xcconfig"; path = "Target Support Files/Pods-Runo/Pods-Runo.debug.xcconfig"; sourceTree = "<group>"; };
/* End PBXFileReference section */

/* Begin PBXFrameworksBuildPhase section */
		0B2F880722E2001D002912F7 /* Frameworks */ = {
			isa = PBXFrameworksBuildPhase;
			buildActionMask = 2147483647;
			files = (
				2EB4D8CFB6234AEFA0AE8CB4 /* Pods_Runo.framework in Frameworks */,
			);
			runOnlyForDeploymentPostprocessing = 0;
		};
/* End PBXFrameworksBuildPhase section */

/* Begin PBXGroup section */
		0B2F880122E2001D002912F7 = {
			isa = PBXGroup;
			children = (
				0B2F880C22E2001D002912F7 /* Runo */,
				0B2F880B22E2001D002912F7 /* Products */,
				DAA94F492AE6BB8A5A318ABE /* Pods */,
				601B02029C2DE09A7B56F875 /* Frameworks */,
			);
			sourceTree = "<group>";
		};
		0B2F880B22E2001D002912F7 /* Products */ = {
			isa = PBXGroup;
			children = (
				0B2F880A22E2001D002912F7 /* Runo.app */,
			);
			name = Products;
			sourceTree = "<group>";
		};
		0B2F880C22E2001D002912F7 /* Runo */ = {
			isa = PBXGroup;
			children = (
				464DA189232712AC00BC1B82 /* Controller */,
				464DA1882327129400BC1B82 /* Model */,
				464DA1872327128E00BC1B82 /* View */,
				464DA1862327127400BC1B82 /* Extensions */,
				464DA1852327126500BC1B82 /* Utilities */,
				464DA1842327125500BC1B82 /* Resources */,
				0B2F880D22E2001D002912F7 /* AppDelegate.swift */,
				0B2F881322E2001D002912F7 /* Main.storyboard */,
				0B2F881622E20025002912F7 /* Assets.xcassets */,
				0B2F881822E20025002912F7 /* LaunchScreen.storyboard */,
				0B2F881B22E20025002912F7 /* Info.plist */,
			);
			path = Runo;
			sourceTree = "<group>";
		};
		464DA1842327125500BC1B82 /* Resources */ = {
			isa = PBXGroup;
			children = (
			);
			path = Resources;
			sourceTree = "<group>";
		};
		464DA1852327126500BC1B82 /* Utilities */ = {
			isa = PBXGroup;
			children = (
				46E19EB82353D2B7003E4630 /* Constants.swift */,
				461D6A9F2354A278000F97A9 /* RealmConfig.swift */,
			);
			path = Utilities;
			sourceTree = "<group>";
		};
		464DA1862327127400BC1B82 /* Extensions */ = {
			isa = PBXGroup;
			children = (
				4666BBA9233AB4030003FB31 /* Extensions.swift */,
			);
			path = Extensions;
			sourceTree = "<group>";
		};
		464DA1872327128E00BC1B82 /* View */ = {
			isa = PBXGroup;
			children = (
				461D6A9B23546E2E000F97A9 /* RunLogCell.swift */,
			);
			path = View;
			sourceTree = "<group>";
		};
		464DA1882327129400BC1B82 /* Model */ = {
			isa = PBXGroup;
			children = (
				46E19EB62353C990003E4630 /* Run.swift */,
				461D6A9D23548B98000F97A9 /* Location.swift */,
			);
			path = Model;
			sourceTree = "<group>";
		};
		464DA189232712AC00BC1B82 /* Controller */ = {
			isa = PBXGroup;
			children = (
				4666BB892334B6950003FB31 /* LocationVC.swift */,
				0B2F880F22E2001D002912F7 /* BeginRunVC.swift */,
				4666BB872334B4970003FB31 /* OnRunVC.swift */,
				0B2F881122E2001D002912F7 /* LogVC.swift */,
			);
			path = Controller;
			sourceTree = "<group>";
		};
		601B02029C2DE09A7B56F875 /* Frameworks */ = {
			isa = PBXGroup;
			children = (
				6986B0FFD5C772F65A4E7165 /* Pods_Runo.framework */,
			);
			name = Frameworks;
			sourceTree = "<group>";
		};
		DAA94F492AE6BB8A5A318ABE /* Pods */ = {
			isa = PBXGroup;
			children = (
				DCD92BD5D22AD91E5FDC2ACB /* Pods-Runo.debug.xcconfig */,
				3F1E1E4DA6F8EC57EDA4BF91 /* Pods-Runo.release.xcconfig */,
			);
			path = Pods;
			sourceTree = "<group>";
		};
/* End PBXGroup section */

/* Begin PBXNativeTarget section */
		0B2F880922E2001D002912F7 /* Runo */ = {
			isa = PBXNativeTarget;
			buildConfigurationList = 0B2F881E22E20025002912F7 /* Build configuration list for PBXNativeTarget "Runo" */;
			buildPhases = (
				EC6F4781F9B930F16C8BABCC /* [CP] Check Pods Manifest.lock */,
				0B2F880622E2001D002912F7 /* Sources */,
				0B2F880722E2001D002912F7 /* Frameworks */,
				0B2F880822E2001D002912F7 /* Resources */,
				AEFB02EE827AF67AEF4D7AB7 /* [CP] Embed Pods Frameworks */,
			);
			buildRules = (
			);
			dependencies = (
			);
			name = Runo;
			productName = Runo;
			productReference = 0B2F880A22E2001D002912F7 /* Runo.app */;
			productType = "com.apple.product-type.application";
		};
/* End PBXNativeTarget section */

/* Begin PBXProject section */
		0B2F880222E2001D002912F7 /* Project object */ = {
			isa = PBXProject;
			attributes = {
				LastSwiftUpdateCheck = 1020;
				LastUpgradeCheck = 1020;
				ORGANIZATIONNAME = "Mahmoud Elshakoushy";
				TargetAttributes = {
					0B2F880922E2001D002912F7 = {
						CreatedOnToolsVersion = 10.2.1;
					};
				};
			};
			buildConfigurationList = 0B2F880522E2001D002912F7 /* Build configuration list for PBXProject "Runo" */;
			compatibilityVersion = "Xcode 9.3";
			developmentRegion = en;
			hasScannedForEncodings = 0;
			knownRegions = (
				en,
				Base,
			);
			mainGroup = 0B2F880122E2001D002912F7;
			productRefGroup = 0B2F880B22E2001D002912F7 /* Products */;
			projectDirPath = "";
			projectRoot = "";
			targets = (
				0B2F880922E2001D002912F7 /* Runo */,
			);
		};
/* End PBXProject section */

/* Begin PBXResourcesBuildPhase section */
		0B2F880822E2001D002912F7 /* Resources */ = {
			isa = PBXResourcesBuildPhase;
			buildActionMask = 2147483647;
			files = (
				0B2F881A22E20025002912F7 /* LaunchScreen.storyboard in Resources */,
				0B2F881722E20025002912F7 /* Assets.xcassets in Resources */,
				0B2F881522E2001D002912F7 /* Main.storyboard in Resources */,
			);
			runOnlyForDeploymentPostprocessing = 0;
		};
/* End PBXResourcesBuildPhase section */

/* Begin PBXShellScriptBuildPhase section */
		AEFB02EE827AF67AEF4D7AB7 /* [CP] Embed Pods Frameworks */ = {
			isa = PBXShellScriptBuildPhase;
			buildActionMask = 2147483647;
			files = (
			);
			inputFileListPaths = (
				"${PODS_ROOT}/Target Support Files/Pods-Runo/Pods-Runo-frameworks-${CONFIGURATION}-input-files.xcfilelist",
			);
			name = "[CP] Embed Pods Frameworks";
			outputFileListPaths = (
				"${PODS_ROOT}/Target Support Files/Pods-Runo/Pods-Runo-frameworks-${CONFIGURATION}-output-files.xcfilelist",
			);
			runOnlyForDeploymentPostprocessing = 0;
			shellPath = /bin/sh;
			shellScript = "\"${PODS_ROOT}/Target Support Files/Pods-Runo/Pods-Runo-frameworks.sh\"\n";
			showEnvVarsInLog = 0;
		};
		EC6F4781F9B930F16C8BABCC /* [CP] Check Pods Manifest.lock */ = {
			isa = PBXShellScriptBuildPhase;
			buildActionMask = 2147483647;
			files = (
			);
			inputFileListPaths = (
			);
			inputPaths = (
				"${PODS_PODFILE_DIR_PATH}/Podfile.lock",
				"${PODS_ROOT}/Manifest.lock",
			);
			name = "[CP] Check Pods Manifest.lock";
			outputFileListPaths = (
			);
			outputPaths = (
				"$(DERIVED_FILE_DIR)/Pods-Runo-checkManifestLockResult.txt",
			);
			runOnlyForDeploymentPostprocessing = 0;
			shellPath = /bin/sh;
			shellScript = "diff \"${PODS_PODFILE_DIR_PATH}/Podfile.lock\" \"${PODS_ROOT}/Manifest.lock\" > /dev/null\nif [ $? != 0 ] ; then\n    # print error to STDERR\n    echo \"error: The sandbox is not in sync with the Podfile.lock. Run 'pod install' or update your CocoaPods installation.\" >&2\n    exit 1\nfi\n# This output is used by Xcode 'outputs' to avoid re-running this script phase.\necho \"SUCCESS\" > \"${SCRIPT_OUTPUT_FILE_0}\"\n";
			showEnvVarsInLog = 0;
		};
/* End PBXShellScriptBuildPhase section */

/* Begin PBXSourcesBuildPhase section */
		0B2F880622E2001D002912F7 /* Sources */ = {
			isa = PBXSourcesBuildPhase;
			buildActionMask = 2147483647;
			files = (
				4666BB8A2334B6950003FB31 /* LocationVC.swift in Sources */,
				4666BBAA233AB4030003FB31 /* Extensions.swift in Sources */,
				461D6A9E23548B98000F97A9 /* Location.swift in Sources */,
				0B2F881222E2001D002912F7 /* LogVC.swift in Sources */,
				0B2F880E22E2001D002912F7 /* AppDelegate.swift in Sources */,
				0B2F881022E2001D002912F7 /* BeginRunVC.swift in Sources */,
				46E19EB72353C990003E4630 /* Run.swift in Sources */,
				461D6A9C23546E2E000F97A9 /* RunLogCell.swift in Sources */,
				461D6AA02354A278000F97A9 /* RealmConfig.swift in Sources */,
				4666BB882334B4970003FB31 /* OnRunVC.swift in Sources */,
				46E19EB92353D2B7003E4630 /* Constants.swift in Sources */,
			);
			runOnlyForDeploymentPostprocessing = 0;
		};
/* End PBXSourcesBuildPhase section */

/* Begin PBXVariantGroup section */
		0B2F881322E2001D002912F7 /* Main.storyboard */ = {
			isa = PBXVariantGroup;
			children = (
				0B2F881422E2001D002912F7 /* Base */,
			);
			name = Main.storyboard;
			sourceTree = "<group>";
		};
		0B2F881822E20025002912F7 /* LaunchScreen.storyboard */ = {
			isa = PBXVariantGroup;
			children = (
				0B2F881922E20025002912F7 /* Base */,
			);
			name = LaunchScreen.storyboard;
			sourceTree = "<group>";
		};
/* End PBXVariantGroup section */

/* Begin XCBuildConfiguration section */
		0B2F881C22E20025002912F7 /* Debug */ = {
			isa = XCBuildConfiguration;
			buildSettings = {
				ALWAYS_SEARCH_USER_PATHS = NO;
				CLANG_ANALYZER_NONNULL = YES;
				CLANG_ANALYZER_NUMBER_OBJECT_CONVERSION = YES_AGGRESSIVE;
				CLANG_CXX_LANGUAGE_STANDARD = "gnu++14";
				CLANG_CXX_LIBRARY = "libc++";
				CLANG_ENABLE_MODULES = YES;
				CLANG_ENABLE_OBJC_ARC = YES;
				CLANG_ENABLE_OBJC_WEAK = YES;
				CLANG_WARN_BLOCK_CAPTURE_AUTORELEASING = YES;
				CLANG_WARN_BOOL_CONVERSION = YES;
				CLANG_WARN_COMMA = YES;
				CLANG_WARN_CONSTANT_CONVERSION = YES;
				CLANG_WARN_DEPRECATED_OBJC_IMPLEMENTATIONS = YES;
				CLANG_WARN_DIRECT_OBJC_ISA_USAGE = YES_ERROR;
				CLANG_WARN_DOCUMENTATION_COMMENTS = YES;
				CLANG_WARN_EMPTY_BODY = YES;
				CLANG_WARN_ENUM_CONVERSION = YES;
				CLANG_WARN_INFINITE_RECURSION = YES;
				CLANG_WARN_INT_CONVERSION = YES;
				CLANG_WARN_NON_LITERAL_NULL_CONVERSION = YES;
				CLANG_WARN_OBJC_IMPLICIT_RETAIN_SELF = YES;
				CLANG_WARN_OBJC_LITERAL_CONVERSION = YES;
				CLANG_WARN_OBJC_ROOT_CLASS = YES_ERROR;
				CLANG_WARN_RANGE_LOOP_ANALYSIS = YES;
				CLANG_WARN_STRICT_PROTOTYPES = YES;
				CLANG_WARN_SUSPICIOUS_MOVE = YES;
				CLANG_WARN_UNGUARDED_AVAILABILITY = YES_AGGRESSIVE;
				CLANG_WARN_UNREACHABLE_CODE = YES;
				CLANG_WARN__DUPLICATE_METHOD_MATCH = YES;
				CODE_SIGN_IDENTITY = "iPhone Developer";
				COPY_PHASE_STRIP = NO;
				DEBUG_INFORMATION_FORMAT = dwarf;
				ENABLE_STRICT_OBJC_MSGSEND = YES;
				ENABLE_TESTABILITY = YES;
				GCC_C_LANGUAGE_STANDARD = gnu11;
				GCC_DYNAMIC_NO_PIC = NO;
				GCC_NO_COMMON_BLOCKS = YES;
				GCC_OPTIMIZATION_LEVEL = 0;
				GCC_PREPROCESSOR_DEFINITIONS = (
					"DEBUG=1",
					"$(inherited)",
				);
				GCC_WARN_64_TO_32_BIT_CONVERSION = YES;
				GCC_WARN_ABOUT_RETURN_TYPE = YES_ERROR;
				GCC_WARN_UNDECLARED_SELECTOR = YES;
				GCC_WARN_UNINITIALIZED_AUTOS = YES_AGGRESSIVE;
				GCC_WARN_UNUSED_FUNCTION = YES;
				GCC_WARN_UNUSED_VARIABLE = YES;
				IPHONEOS_DEPLOYMENT_TARGET = 11.4;
				MTL_ENABLE_DEBUG_INFO = INCLUDE_SOURCE;
				MTL_FAST_MATH = YES;
				ONLY_ACTIVE_ARCH = YES;
				SDKROOT = iphoneos;
				SWIFT_ACTIVE_COMPILATION_CONDITIONS = DEBUG;
				SWIFT_OPTIMIZATION_LEVEL = "-Onone";
				SWIFT_VERSION = 4.2;
				TARGETED_DEVICE_FAMILY = 1;
			};
			name = Debug;
		};
		0B2F881D22E20025002912F7 /* Release */ = {
			isa = XCBuildConfiguration;
			buildSettings = {
				ALWAYS_SEARCH_USER_PATHS = NO;
				CLANG_ANALYZER_NONNULL = YES;
				CLANG_ANALYZER_NUMBER_OBJECT_CONVERSION = YES_AGGRESSIVE;
				CLANG_CXX_LANGUAGE_STANDARD = "gnu++14";
				CLANG_CXX_LIBRARY = "libc++";
				CLANG_ENABLE_MODULES = YES;
				CLANG_ENABLE_OBJC_ARC = YES;
				CLANG_ENABLE_OBJC_WEAK = YES;
				CLANG_WARN_BLOCK_CAPTURE_AUTORELEASING = YES;
				CLANG_WARN_BOOL_CONVERSION = YES;
				CLANG_WARN_COMMA = YES;
				CLANG_WARN_CONSTANT_CONVERSION = YES;
				CLANG_WARN_DEPRECATED_OBJC_IMPLEMENTATIONS = YES;
				CLANG_WARN_DIRECT_OBJC_ISA_USAGE = YES_ERROR;
				CLANG_WARN_DOCUMENTATION_COMMENTS = YES;
				CLANG_WARN_EMPTY_BODY = YES;
				CLANG_WARN_ENUM_CONVERSION = YES;
				CLANG_WARN_INFINITE_RECURSION = YES;
				CLANG_WARN_INT_CONVERSION = YES;
				CLANG_WARN_NON_LITERAL_NULL_CONVERSION = YES;
				CLANG_WARN_OBJC_IMPLICIT_RETAIN_SELF = YES;
				CLANG_WARN_OBJC_LITERAL_CONVERSION = YES;
				CLANG_WARN_OBJC_ROOT_CLASS = YES_ERROR;
				CLANG_WARN_RANGE_LOOP_ANALYSIS = YES;
				CLANG_WARN_STRICT_PROTOTYPES = YES;
				CLANG_WARN_SUSPICIOUS_MOVE = YES;
				CLANG_WARN_UNGUARDED_AVAILABILITY = YES_AGGRESSIVE;
				CLANG_WARN_UNREACHABLE_CODE = YES;
				CLANG_WARN__DUPLICATE_METHOD_MATCH = YES;
				CODE_SIGN_IDENTITY = "iPhone Developer";
				COPY_PHASE_STRIP = NO;
				DEBUG_INFORMATION_FORMAT = "dwarf-with-dsym";
				ENABLE_NS_ASSERTIONS = NO;
				ENABLE_STRICT_OBJC_MSGSEND = YES;
				GCC_C_LANGUAGE_STANDARD = gnu11;
				GCC_NO_COMMON_BLOCKS = YES;
				GCC_WARN_64_TO_32_BIT_CONVERSION = YES;
				GCC_WARN_ABOUT_RETURN_TYPE = YES_ERROR;
				GCC_WARN_UNDECLARED_SELECTOR = YES;
				GCC_WARN_UNINITIALIZED_AUTOS = YES_AGGRESSIVE;
				GCC_WARN_UNUSED_FUNCTION = YES;
				GCC_WARN_UNUSED_VARIABLE = YES;
				IPHONEOS_DEPLOYMENT_TARGET = 11.4;
				MTL_ENABLE_DEBUG_INFO = NO;
				MTL_FAST_MATH = YES;
				SDKROOT = iphoneos;
				SWIFT_COMPILATION_MODE = wholemodule;
				SWIFT_OPTIMIZATION_LEVEL = "-O";
				SWIFT_VERSION = 4.2;
				TARGETED_DEVICE_FAMILY = 1;
				VALIDATE_PRODUCT = YES;
			};
			name = Release;
		};
		0B2F881F22E20025002912F7 /* Debug */ = {
			isa = XCBuildConfiguration;
			baseConfigurationReference = DCD92BD5D22AD91E5FDC2ACB /* Pods-Runo.debug.xcconfig */;
			buildSettings = {
				ASSETCATALOG_COMPILER_APPICON_NAME = AppIcon;
				CODE_SIGN_STYLE = Automatic;
				DEVELOPMENT_TEAM = 45S7VN2TT3;
				INFOPLIST_FILE = Runo/Info.plist;
				LD_RUNPATH_SEARCH_PATHS = (
					"$(inherited)",
					"@executable_path/Frameworks",
				);
				PRODUCT_BUNDLE_IDENTIFIER = shakoushy.Runo;
				PRODUCT_NAME = "$(TARGET_NAME)";
				SWIFT_VERSION = 4.2;
				TARGETED_DEVICE_FAMILY = "1,2";
			};
			name = Debug;
		};
		0B2F882022E20025002912F7 /* Release */ = {
			isa = XCBuildConfiguration;
			baseConfigurationReference = 3F1E1E4DA6F8EC57EDA4BF91 /* Pods-Runo.release.xcconfig */;
			buildSettings = {
				ASSETCATALOG_COMPILER_APPICON_NAME = AppIcon;
				CODE_SIGN_STYLE = Automatic;
				DEVELOPMENT_TEAM = 45S7VN2TT3;
				INFOPLIST_FILE = Runo/Info.plist;
				LD_RUNPATH_SEARCH_PATHS = (
					"$(inherited)",
					"@executable_path/Frameworks",
				);
				PRODUCT_BUNDLE_IDENTIFIER = shakoushy.Runo;
				PRODUCT_NAME = "$(TARGET_NAME)";
				SWIFT_VERSION = 4.2;
				TARGETED_DEVICE_FAMILY = "1,2";
			};
			name = Release;
		};
/* End XCBuildConfiguration section */

/* Begin XCConfigurationList section */
		0B2F880522E2001D002912F7 /* Build configuration list for PBXProject "Runo" */ = {
			isa = XCConfigurationList;
			buildConfigurations = (
				0B2F881C22E20025002912F7 /* Debug */,
				0B2F881D22E20025002912F7 /* Release */,
			);
			defaultConfigurationIsVisible = 0;
			defaultConfigurationName = Release;
		};
		0B2F881E22E20025002912F7 /* Build configuration list for PBXNativeTarget "Runo" */ = {
			isa = XCConfigurationList;
			buildConfigurations = (
				0B2F881F22E20025002912F7 /* Debug */,
				0B2F882022E20025002912F7 /* Release */,
			);
			defaultConfigurationIsVisible = 0;
			defaultConfigurationName = Release;
		};
/* End XCConfigurationList section */
	};
	rootObject = 0B2F880222E2001D002912F7 /* Project object */;
}
